{
  "name": "@smartsoft001/stream-shared-dtos",
  "version": "1.0.2",
  "lockfileVersion": 1,
  "requires": true,
  "dependencies": {
    "@smartsoft001/models": {
      "version": "1.0.11",
      "resolved": "https://registry.npmjs.org/@smartsoft001/models/-/models-1.0.11.tgz",
      "integrity": "sha512-sZoqmnH5PlOXgQKWBJmQPwkm6/6lf+U9NsWg25A+Ho4P0tUpQJjqSFrADTLt41ttGIEHyz5WoiFbL9HxebquBw==",
      "requires": {
        "tslib": "^1.9.0"
      }
    },
    "tslib": {
      "version": "1.13.0",
      "resolved": "https://registry.npmjs.org/tslib/-/tslib-1.13.0.tgz",
      "integrity": "sha512-i/6DQjL8Xf3be4K/E6Wgpekn5Qasl1usyw++dAA35Ue5orEn65VIxOA+YvNNl9HV3qv70T7CNwjODHZrLwvd1Q=="
    }
  }
}
