{
  "name": "@smartsoft001/stream-shell-angular",
  "version": "1.0.51",
  "lockfileVersion": 1,
  "requires": true,
  "dependencies": {
    "@angular/animations": {
      "version": "15.1.1",
      "resolved": "https://registry.npmjs.org/@angular/animations/-/animations-15.1.1.tgz",
      "integrity": "sha512-oQrbO7uDsw1VcqhuSqvwQQPxEUjmssMM3nDbFUrs6A0MX7XIuhGnkB7mN35M6ZSd0Chj9DMzgbrYToPg1LoLHQ==",
      "requires": {
        "tslib": "^2.3.0"
      },
      "dependencies": {
        "tslib": {
          "version": "2.5.0",
          "resolved": "https://registry.npmjs.org/tslib/-/tslib-2.5.0.tgz",
          "integrity": "sha512-336iVw3rtn2BUK7ORdIAHTyxHGRIHVReokCR3XjbckJMK7ms8FysBfhLR8IXnAgy7T0PTPNBWKiH514FOW/WSg=="
        }
      }
    },
    "@angular/common": {
      "version": "15.1.1",
      "resolved": "https://registry.npmjs.org/@angular/common/-/common-15.1.1.tgz",
      "integrity": "sha512-P4f2rK/YBQQT4clQrcQ9goLf53RS63Q1x2d1dvz7Syr3gcOUyxO7NZQ7Au5afzvbIKZ5Okd+X0+TCGV4q9wQjw==",
      "requires": {
        "tslib": "^2.3.0"
      },
      "dependencies": {
        "tslib": {
          "version": "2.5.0",
          "resolved": "https://registry.npmjs.org/tslib/-/tslib-2.5.0.tgz",
          "integrity": "sha512-336iVw3rtn2BUK7ORdIAHTyxHGRIHVReokCR3XjbckJMK7ms8FysBfhLR8IXnAgy7T0PTPNBWKiH514FOW/WSg=="
        }
      }
    },
    "@angular/compiler": {
      "version": "15.1.1",
      "resolved": "https://registry.npmjs.org/@angular/compiler/-/compiler-15.1.1.tgz",
      "integrity": "sha512-A35iXLTTDEej4F2tm5t1flA+5Tv+jYAkQx+d0xvH6LDiWvsiDsOe5OjP8L2LD8dejwWl/JYUz2TH0JZcvw0uqA==",
      "requires": {
        "tslib": "^2.3.0"
      },
      "dependencies": {
        "tslib": {
          "version": "2.5.0",
          "resolved": "https://registry.npmjs.org/tslib/-/tslib-2.5.0.tgz",
          "integrity": "sha512-336iVw3rtn2BUK7ORdIAHTyxHGRIHVReokCR3XjbckJMK7ms8FysBfhLR8IXnAgy7T0PTPNBWKiH514FOW/WSg=="
        }
      }
    },
    "@angular/core": {
      "version": "15.1.1",
      "resolved": "https://registry.npmjs.org/@angular/core/-/core-15.1.1.tgz",
      "integrity": "sha512-nsz+IXdkQanAGhqA2vcwTrGGyw5zIm3TgtYQ/JqK185qkmlhsQfSRvdSPsFPhmIFYp9ngZVUbkhY3D4P3gDzIg==",
      "requires": {
        "tslib": "^2.3.0"
      },
      "dependencies": {
        "tslib": {
          "version": "2.5.0",
          "resolved": "https://registry.npmjs.org/tslib/-/tslib-2.5.0.tgz",
          "integrity": "sha512-336iVw3rtn2BUK7ORdIAHTyxHGRIHVReokCR3XjbckJMK7ms8FysBfhLR8IXnAgy7T0PTPNBWKiH514FOW/WSg=="
        }
      }
    },
    "@angular/platform-browser": {
      "version": "15.1.1",
      "resolved": "https://registry.npmjs.org/@angular/platform-browser/-/platform-browser-15.1.1.tgz",
      "integrity": "sha512-U1MXowvyigmMpffsnMQI6e9gX7tA6Su7unY0pjN5u9wRYJIkEbKuFyVijguQ83bt+JK3ZBHXD0dvskYnscGUzg==",
      "requires": {
        "tslib": "^2.3.0"
      },
      "dependencies": {
        "tslib": {
          "version": "2.5.0",
          "resolved": "https://registry.npmjs.org/tslib/-/tslib-2.5.0.tgz",
          "integrity": "sha512-336iVw3rtn2BUK7ORdIAHTyxHGRIHVReokCR3XjbckJMK7ms8FysBfhLR8IXnAgy7T0PTPNBWKiH514FOW/WSg=="
        }
      }
    },
    "@angular/platform-browser-dynamic": {
      "version": "15.1.1",
      "resolved": "https://registry.npmjs.org/@angular/platform-browser-dynamic/-/platform-browser-dynamic-15.1.1.tgz",
      "integrity": "sha512-iCbvYduSGtyBWuQfTzm/MDZy7Rd5MNsjpknEtJ45nbjZzv9EL1tGo6qufaTgPXHP8Nbfcco/4UO9w84Gp5irLA==",
      "requires": {
        "tslib": "^2.3.0"
      },
      "dependencies": {
        "tslib": {
          "version": "2.5.0",
          "resolved": "https://registry.npmjs.org/tslib/-/tslib-2.5.0.tgz",
          "integrity": "sha512-336iVw3rtn2BUK7ORdIAHTyxHGRIHVReokCR3XjbckJMK7ms8FysBfhLR8IXnAgy7T0PTPNBWKiH514FOW/WSg=="
        }
      }
    },
    "@smartsoft001/angular": {
      "version": "1.1.9",
      "resolved": "https://registry.npmjs.org/@smartsoft001/angular/-/angular-1.1.9.tgz",
      "integrity": "sha512-55liPWPiWb6LHU1j3UE8SVXlKGZJu7BG3qf1p0RPjWQMfYIT77CxLYYX1kGWZGE0ZxNMdYfh2wdcj9VvjlT13Q==",
      "requires": {
        "@smartsoft001/domain-core": "^1.0.5",
        "@smartsoft001/models": "^1.0.11"
      }
    },
    "@smartsoft001/domain-core": {
      "version": "1.1.60",
      "resolved": "https://registry.npmjs.org/@smartsoft001/domain-core/-/domain-core-1.1.60.tgz",
      "integrity": "sha512-ZTu9dQ6T0azgRlcI8QYNrgoOb5qbUzp0pKhHl7DMWU5hxNE8YLkxJCGnsok0AVnlChsM3K08i8uXtQ4pESgy4A==",
      "requires": {
        "@angular/animations": "15.1.1",
        "@angular/common": "15.1.1",
        "@angular/compiler": "15.1.1",
        "@angular/core": "15.1.1",
        "@angular/platform-browser": "15.1.1",
        "@angular/platform-browser-dynamic": "15.1.1",
        "flatted": "3.2.7",
        "guid-typescript": "1.0.9",
        "lodash": "4.17.21",
        "md5": "2.3.0",
        "reflect-metadata": "0.1.13",
        "rxjs": "7.5.6",
        "util": "0.11.1",
        "zone.js": "0.11.5"
      }
    },
    "@smartsoft001/models": {
      "version": "1.0.11",
      "resolved": "https://registry.npmjs.org/@smartsoft001/models/-/models-1.0.11.tgz",
      "integrity": "sha512-sZoqmnH5PlOXgQKWBJmQPwkm6/6lf+U9NsWg25A+Ho4P0tUpQJjqSFrADTLt41ttGIEHyz5WoiFbL9HxebquBw==",
      "requires": {
        "tslib": "^1.9.0"
      },
      "dependencies": {
        "tslib": {
          "version": "1.13.0",
          "resolved": "https://registry.npmjs.org/tslib/-/tslib-1.13.0.tgz",
          "integrity": "sha512-i/6DQjL8Xf3be4K/E6Wgpekn5Qasl1usyw++dAA35Ue5orEn65VIxOA+YvNNl9HV3qv70T7CNwjODHZrLwvd1Q=="
        }
      }
    },
    "@smartsoft001/stream-shell-dtos": {
      "version": "1.0.2",
      "resolved": "https://registry.npmjs.org/@smartsoft001/stream-shell-dtos/-/stream-shell-dtos-1.0.2.tgz",
      "integrity": "sha512-+GOP63tDLhxjhwMfTat81xRmZZ7sqFBbK1TOX1KdX7DIiOjxpmwYxs9dSGN0LRpOYfzmZU120aDr/Pn5m2dG+A==",
      "requires": {
        "@smartsoft001/models": "^1.0.11",
        "tslib": "^1.9.0"
      },
      "dependencies": {
        "tslib": {
          "version": "1.13.0",
          "resolved": "https://registry.npmjs.org/tslib/-/tslib-1.13.0.tgz",
          "integrity": "sha512-i/6DQjL8Xf3be4K/E6Wgpekn5Qasl1usyw++dAA35Ue5orEn65VIxOA+YvNNl9HV3qv70T7CNwjODHZrLwvd1Q=="
        }
      }
    },
    "charenc": {
      "version": "0.0.2",
      "resolved": "https://registry.npmjs.org/charenc/-/charenc-0.0.2.tgz",
      "integrity": "sha512-yrLQ/yVUFXkzg7EDQsPieE/53+0RlaWTs+wBrvW36cyilJ2SaDWfl4Yj7MtLTXleV9uEKefbAGUPv2/iWSooRA=="
    },
    "crypt": {
      "version": "0.0.2",
      "resolved": "https://registry.npmjs.org/crypt/-/crypt-0.0.2.tgz",
      "integrity": "sha512-mCxBlsHFYh9C+HVpiEacem8FEBnMXgU9gy4zmNC+SXAZNB/1idgp/aulFJ4FgCi7GPEVbfyng092GqL2k2rmow=="
    },
    "flatted": {
      "version": "3.2.7",
      "resolved": "https://registry.npmjs.org/flatted/-/flatted-3.2.7.tgz",
      "integrity": "sha512-5nqDSxl8nn5BSNxyR3n4I6eDmbolI6WT+QqR547RwxQapgjQBmtktdP+HTBb/a/zLsbzERTONyUB5pefh5TtjQ=="
    },
    "guid-typescript": {
      "version": "1.0.9",
      "resolved": "https://registry.npmjs.org/guid-typescript/-/guid-typescript-1.0.9.tgz",
      "integrity": "sha512-Y8T4vYhEfwJOTbouREvG+3XDsjr8E3kIr7uf+JZ0BYloFsttiHU0WfvANVsR7TxNUJa/WpCnw/Ino/p+DeBhBQ=="
    },
    "inherits": {
      "version": "2.0.3",
      "resolved": "https://registry.npmjs.org/inherits/-/inherits-2.0.3.tgz",
      "integrity": "sha512-x00IRNXNy63jwGkJmzPigoySHbaqpNuzKbBOmzK+g2OdZpQ9w+sxCN+VSB3ja7IAge2OP2qpfxTjeNcyjmW1uw=="
    },
    "is-buffer": {
      "version": "1.1.6",
      "resolved": "https://registry.npmjs.org/is-buffer/-/is-buffer-1.1.6.tgz",
      "integrity": "sha512-NcdALwpXkTm5Zvvbk7owOUSvVvBKDgKP5/ewfXEznmQFfs4ZRmanOeKBTjRVjka3QFoN6XJ+9F3USqfHqTaU5w=="
    },
    "lodash": {
      "version": "4.17.21",
      "resolved": "https://registry.npmjs.org/lodash/-/lodash-4.17.21.tgz",
      "integrity": "sha512-v2kDEe57lecTulaDIuNTPy3Ry4gLGJ6Z1O3vE1krgXZNrsQ+LFTGHVxVjcXPs17LhbZVGedAJv8XZ1tvj5FvSg=="
    },
    "md5": {
      "version": "2.3.0",
      "resolved": "https://registry.npmjs.org/md5/-/md5-2.3.0.tgz",
      "integrity": "sha512-T1GITYmFaKuO91vxyoQMFETst+O71VUPEU3ze5GNzDm0OWdP8v1ziTaAEPUr/3kLsY3Sftgz242A1SetQiDL7g==",
      "requires": {
        "charenc": "0.0.2",
        "crypt": "0.0.2",
        "is-buffer": "~1.1.6"
      }
    },
    "moment": {
      "version": "2.26.0",
      "resolved": "https://registry.npmjs.org/moment/-/moment-2.26.0.tgz",
      "integrity": "sha512-oIixUO+OamkUkwjhAVE18rAMfRJNsNe/Stid/gwHSOfHrOtw9EhAY2AHvdKZ/k/MggcYELFCJz/Sn2pL8b8JMw=="
    },
    "reflect-metadata": {
      "version": "0.1.13",
      "resolved": "https://registry.npmjs.org/reflect-metadata/-/reflect-metadata-0.1.13.tgz",
      "integrity": "sha512-Ts1Y/anZELhSsjMcU605fU9RE4Oi3p5ORujwbIKXfWa+0Zxs510Qrmrce5/Jowq3cHSZSJqBjypxmHarc+vEWg=="
    },
    "rxjs": {
      "version": "7.5.6",
      "resolved": "https://registry.npmjs.org/rxjs/-/rxjs-7.5.6.tgz",
      "integrity": "sha512-dnyv2/YsXhnm461G+R/Pe5bWP41Nm6LBXEYWI6eiFP4fiwx6WRI/CD0zbdVAudd9xwLEF2IDcKXLHit0FYjUzw==",
      "requires": {
        "tslib": "^2.1.0"
      },
      "dependencies": {
        "tslib": {
          "version": "2.5.0",
          "resolved": "https://registry.npmjs.org/tslib/-/tslib-2.5.0.tgz",
          "integrity": "sha512-336iVw3rtn2BUK7ORdIAHTyxHGRIHVReokCR3XjbckJMK7ms8FysBfhLR8IXnAgy7T0PTPNBWKiH514FOW/WSg=="
        }
      }
    },
    "tslib": {
      "version": "2.0.1",
      "resolved": "https://registry.npmjs.org/tslib/-/tslib-2.0.1.tgz",
      "integrity": "sha512-SgIkNheinmEBgx1IUNirK0TUD4X9yjjBRTqqjggWCU3pUEqIk3/Uwl3yRixYKT6WjQuGiwDv4NomL3wqRCj+CQ=="
    },
    "util": {
      "version": "0.11.1",
      "resolved": "https://registry.npmjs.org/util/-/util-0.11.1.tgz",
      "integrity": "sha512-HShAsny+zS2TZfaXxD9tYj4HQGlBezXZMZuM/S5PKLLoZkShZiGk9o5CzukI1LVHZvjdvZ2Sj1aW/Ndn2NB/HQ==",
      "requires": {
        "inherits": "2.0.3"
      }
    },
    "zone.js": {
      "version": "0.11.5",
      "resolved": "https://registry.npmjs.org/zone.js/-/zone.js-0.11.5.tgz",
      "integrity": "sha512-D1/7VxEuQ7xk6z/kAROe4SUbd9CzxY4zOwVGnGHerd/SgLIVU5f4esDzQUsOCeArn933BZfWMKydH7l7dPEp0g==",
      "requires": {
        "tslib": "^2.3.0"
      },
      "dependencies": {
        "tslib": {
          "version": "2.5.0",
          "resolved": "https://registry.npmjs.org/tslib/-/tslib-2.5.0.tgz",
          "integrity": "sha512-336iVw3rtn2BUK7ORdIAHTyxHGRIHVReokCR3XjbckJMK7ms8FysBfhLR8IXnAgy7T0PTPNBWKiH514FOW/WSg=="
        }
      }
    }
  }
}
