{
  "name": "@smartsoft001/stream-shell-angular",
  "version": "1.0.51",
  "lockfileVersion": 1,
  "requires": true,
  "dependencies": {
    "@smartsoft001/angular": {
      "version": "1.1.9",
      "resolved": "https://registry.npmjs.org/@smartsoft001/angular/-/angular-1.1.9.tgz",
      "integrity": "sha512-55liPWPiWb6LHU1j3UE8SVXlKGZJu7BG3qf1p0RPjWQMfYIT77CxLYYX1kGWZGE0ZxNMdYfh2wdcj9VvjlT13Q==",
      "requires": {
        "@smartsoft001/domain-core": "^1.0.5",
        "@smartsoft001/models": "^1.0.11"
      }
    },
    "@smartsoft001/domain-core": {
      "version": "1.0.5",
      "resolved": "https://registry.npmjs.org/@smartsoft001/domain-core/-/domain-core-1.0.5.tgz",
      "integrity": "sha512-wgEqhQW0u6h6u2lf0raj8DDPl6VsEg3+4qp/gTJRY0qIGG3RwfAVRe3IaYXhJYCqEFuC8Iii8GmmD4B6yEepFQ==",
      "requires": {
        "@smartsoft001/users": "^1.0.3",
        "tslib": "^1.9.0"
      },
      "dependencies": {
        "tslib": {
          "version": "1.13.0",
          "resolved": "https://registry.npmjs.org/tslib/-/tslib-1.13.0.tgz",
          "integrity": "sha512-i/6DQjL8Xf3be4K/E6Wgpekn5Qasl1usyw++dAA35Ue5orEn65VIxOA+YvNNl9HV3qv70T7CNwjODHZrLwvd1Q=="
        }
      }
    },
    "@smartsoft001/models": {
      "version": "1.0.519",
      "resolved": "https://registry.npmjs.org/@smartsoft001/models/-/models-1.0.519.tgz",
      "integrity": "sha512-1ZHAvEStVGEg0WJL3YwSFTJvYRyhd53pPmoJL1NiH3Czn1/iKbJ4WH+I4/cnCas6RnGJeho2YOUMRFhcczbRag==",
      "requires": {
        "@smartsoft001/utils": "1.0.554",
        "guid-typescript": "1.0.9",
        "lodash": "^4.17.20",
        "md5": "2.3.0",
        "reflect-metadata": "0.1.13",
        "rxjs": "6.6.3",
        "tslib": "^2.1.0"
      },
      "dependencies": {
        "tslib": {
          "version": "2.3.0",
          "resolved": "https://registry.npmjs.org/tslib/-/tslib-2.3.0.tgz",
          "integrity": "sha512-N82ooyxVNm6h1riLCoyS9e3fuJ3AMG2zIZs2Gd1ATcSFjSA23Q0fzjjZeh0jbJvWVDZ0cJT8yaNNaaXHzueNjg=="
        }
      }
    },
    "@smartsoft001/stream-shell-dtos": {
      "version": "1.0.2",
      "resolved": "https://registry.npmjs.org/@smartsoft001/stream-shell-dtos/-/stream-shell-dtos-1.0.2.tgz",
      "integrity": "sha512-+GOP63tDLhxjhwMfTat81xRmZZ7sqFBbK1TOX1KdX7DIiOjxpmwYxs9dSGN0LRpOYfzmZU120aDr/Pn5m2dG+A==",
      "requires": {
        "@smartsoft001/models": "^1.0.11",
        "tslib": "^1.9.0"
      },
      "dependencies": {
        "tslib": {
          "version": "1.13.0",
          "resolved": "https://registry.npmjs.org/tslib/-/tslib-1.13.0.tgz",
          "integrity": "sha512-i/6DQjL8Xf3be4K/E6Wgpekn5Qasl1usyw++dAA35Ue5orEn65VIxOA+YvNNl9HV3qv70T7CNwjODHZrLwvd1Q=="
        }
      }
    },
    "@smartsoft001/users": {
      "version": "1.0.3",
      "resolved": "https://registry.npmjs.org/@smartsoft001/users/-/users-1.0.3.tgz",
      "integrity": "sha512-KdQtnlZokrpP6WGGX24Oos5V0XsS080CQ8XuTQIrrSUgcbZknKwowJJ5Z48yIlHT5Vipl6Q69eqt4g5D6UQrEw==",
      "requires": {
        "tslib": "^1.9.0"
      },
      "dependencies": {
        "tslib": {
          "version": "1.13.0",
          "resolved": "https://registry.npmjs.org/tslib/-/tslib-1.13.0.tgz",
          "integrity": "sha512-i/6DQjL8Xf3be4K/E6Wgpekn5Qasl1usyw++dAA35Ue5orEn65VIxOA+YvNNl9HV3qv70T7CNwjODHZrLwvd1Q=="
        }
      }
    },
    "@smartsoft001/utils": {
      "version": "1.0.554",
      "resolved": "https://registry.npmjs.org/@smartsoft001/utils/-/utils-1.0.554.tgz",
      "integrity": "sha512-oiXspdxtmP82nG+a0yAJLQr8ukJ0zAo8xxZYCI5P6sK4b9cUWlNE2IqOelKMBQWviaVz2A6yEipWRfHzEp3k1g==",
      "requires": {
        "guid-typescript": "1.0.9",
        "lodash": "^4.17.20",
        "md5": "2.3.0"
      }
    },
    "charenc": {
      "version": "0.0.2",
      "resolved": "https://registry.npmjs.org/charenc/-/charenc-0.0.2.tgz",
      "integrity": "sha1-wKHS86cJLgN3S/qD8UwPxXkKhmc="
    },
    "crypt": {
      "version": "0.0.2",
      "resolved": "https://registry.npmjs.org/crypt/-/crypt-0.0.2.tgz",
      "integrity": "sha1-iNf/fsDfuG9xPch7u0LQRNPmxBs="
    },
    "guid-typescript": {
      "version": "1.0.9",
      "resolved": "https://registry.npmjs.org/guid-typescript/-/guid-typescript-1.0.9.tgz",
      "integrity": "sha512-Y8T4vYhEfwJOTbouREvG+3XDsjr8E3kIr7uf+JZ0BYloFsttiHU0WfvANVsR7TxNUJa/WpCnw/Ino/p+DeBhBQ=="
    },
    "is-buffer": {
      "version": "1.1.6",
      "resolved": "https://registry.npmjs.org/is-buffer/-/is-buffer-1.1.6.tgz",
      "integrity": "sha512-NcdALwpXkTm5Zvvbk7owOUSvVvBKDgKP5/ewfXEznmQFfs4ZRmanOeKBTjRVjka3QFoN6XJ+9F3USqfHqTaU5w=="
    },
    "lodash": {
      "version": "4.17.21",
      "resolved": "https://registry.npmjs.org/lodash/-/lodash-4.17.21.tgz",
      "integrity": "sha512-v2kDEe57lecTulaDIuNTPy3Ry4gLGJ6Z1O3vE1krgXZNrsQ+LFTGHVxVjcXPs17LhbZVGedAJv8XZ1tvj5FvSg=="
    },
    "md5": {
      "version": "2.3.0",
      "resolved": "https://registry.npmjs.org/md5/-/md5-2.3.0.tgz",
      "integrity": "sha512-T1GITYmFaKuO91vxyoQMFETst+O71VUPEU3ze5GNzDm0OWdP8v1ziTaAEPUr/3kLsY3Sftgz242A1SetQiDL7g==",
      "requires": {
        "charenc": "0.0.2",
        "crypt": "0.0.2",
        "is-buffer": "~1.1.6"
      }
    },
    "moment": {
      "version": "2.26.0",
      "resolved": "https://registry.npmjs.org/moment/-/moment-2.26.0.tgz",
      "integrity": "sha512-oIixUO+OamkUkwjhAVE18rAMfRJNsNe/Stid/gwHSOfHrOtw9EhAY2AHvdKZ/k/MggcYELFCJz/Sn2pL8b8JMw=="
    },
    "reflect-metadata": {
      "version": "0.1.13",
      "resolved": "https://registry.npmjs.org/reflect-metadata/-/reflect-metadata-0.1.13.tgz",
      "integrity": "sha512-Ts1Y/anZELhSsjMcU605fU9RE4Oi3p5ORujwbIKXfWa+0Zxs510Qrmrce5/Jowq3cHSZSJqBjypxmHarc+vEWg=="
    },
    "rxjs": {
      "version": "6.6.3",
      "resolved": "https://registry.npmjs.org/rxjs/-/rxjs-6.6.3.tgz",
      "integrity": "sha512-trsQc+xYYXZ3urjOiJOuCOa5N3jAZ3eiSpQB5hIT8zGlL2QfnHLJ2r7GMkBGuIausdJN1OneaI6gQlsqNHHmZQ==",
      "requires": {
        "tslib": "^1.9.0"
      },
      "dependencies": {
        "tslib": {
          "version": "1.14.1",
          "resolved": "https://registry.npmjs.org/tslib/-/tslib-1.14.1.tgz",
          "integrity": "sha512-Xni35NKzjgMrwevysHTCArtLDpPvye8zV/0E4EyYn43P7/7qvQwPh9BGkHewbMulVntbigmcT7rdX3BNo9wRJg=="
        }
      }
    },
    "tslib": {
      "version": "2.0.1",
      "resolved": "https://registry.npmjs.org/tslib/-/tslib-2.0.1.tgz",
      "integrity": "sha512-SgIkNheinmEBgx1IUNirK0TUD4X9yjjBRTqqjggWCU3pUEqIk3/Uwl3yRixYKT6WjQuGiwDv4NomL3wqRCj+CQ=="
    }
  }
}
