{
  "name": "@smartsoft001/auth-domain",
  "version": "1.0.5",
  "lockfileVersion": 1,
  "requires": true,
  "dependencies": {
    "@smartsoft001/domain-core": {
      "version": "1.0.5",
      "resolved": "https://registry.npmjs.org/@smartsoft001/domain-core/-/domain-core-1.0.5.tgz",
      "integrity": "sha512-wgEqhQW0u6h6u2lf0raj8DDPl6VsEg3+4qp/gTJRY0qIGG3RwfAVRe3IaYXhJYCqEFuC8Iii8GmmD4B6yEepFQ==",
      "requires": {
        "@smartsoft001/users": "^1.0.3",
        "tslib": "^1.9.0"
      }
    },
    "@smartsoft001/users": {
      "version": "1.0.3",
      "resolved": "https://registry.npmjs.org/@smartsoft001/users/-/users-1.0.3.tgz",
      "integrity": "sha512-KdQtnlZokrpP6WGGX24Oos5V0XsS080CQ8XuTQIrrSUgcbZknKwowJJ5Z48yIlHT5Vipl6Q69eqt4g5D6UQrEw==",
      "requires": {
        "tslib": "^1.9.0"
      }
    },
    "@smartsoft001/utils": {
      "version": "1.0.4",
      "resolved": "https://registry.npmjs.org/@smartsoft001/utils/-/utils-1.0.4.tgz",
      "integrity": "sha512-BmjRv20jwF/7ORRip3PvhNDjopCi1SxeJSnLOyG6//fi0UMhIqoF/hyVp5L7i1tWXDrCRPaXdEA5vv0oUMmZFw==",
      "requires": {
        "md5": "^2.2.1",
        "tslib": "^1.9.0"
      }
    },
    "charenc": {
      "version": "0.0.2",
      "resolved": "https://registry.npmjs.org/charenc/-/charenc-0.0.2.tgz",
      "integrity": "sha1-wKHS86cJLgN3S/qD8UwPxXkKhmc="
    },
    "crypt": {
      "version": "0.0.2",
      "resolved": "https://registry.npmjs.org/crypt/-/crypt-0.0.2.tgz",
      "integrity": "sha1-iNf/fsDfuG9xPch7u0LQRNPmxBs="
    },
    "is-buffer": {
      "version": "1.1.6",
      "resolved": "https://registry.npmjs.org/is-buffer/-/is-buffer-1.1.6.tgz",
      "integrity": "sha512-NcdALwpXkTm5Zvvbk7owOUSvVvBKDgKP5/ewfXEznmQFfs4ZRmanOeKBTjRVjka3QFoN6XJ+9F3USqfHqTaU5w=="
    },
    "md5": {
      "version": "2.2.1",
      "resolved": "https://registry.npmjs.org/md5/-/md5-2.2.1.tgz",
      "integrity": "sha1-U6s41f48iJG6RlMp6iP6wFQBJvk=",
      "requires": {
        "charenc": "~0.0.1",
        "crypt": "~0.0.1",
        "is-buffer": "~1.1.1"
      }
    },
    "tslib": {
      "version": "1.13.0",
      "resolved": "https://registry.npmjs.org/tslib/-/tslib-1.13.0.tgz",
      "integrity": "sha512-i/6DQjL8Xf3be4K/E6Wgpekn5Qasl1usyw++dAA35Ue5orEn65VIxOA+YvNNl9HV3qv70T7CNwjODHZrLwvd1Q=="
    }
  }
}
