{
  "name": "@smartsoft001/auth-shell-angular",
  "version": "1.0.27",
  "lockfileVersion": 1,
  "requires": true,
  "dependencies": {
    "@angular/animations": {
      "version": "8.2.14",
      "resolved": "https://registry.npmjs.org/@angular/animations/-/animations-8.2.14.tgz",
      "integrity": "sha512-3Vc9TnNpKdtvKIXcWDFINSsnwgEMiDmLzjceWg1iYKwpeZGQahUXPoesLwQazBMmxJzQiA4HOMj0TTXKZ+Jzkg==",
      "requires": {
        "tslib": "^1.9.0"
      }
    },
    "@angular/cdk": {
      "version": "8.2.3",
      "resolved": "https://registry.npmjs.org/@angular/cdk/-/cdk-8.2.3.tgz",
      "integrity": "sha512-ZwO5Sn720RA2YvBqud0JAHkZXjmjxM0yNzCO8RVtRE9i8Gl26Wk0j0nQeJkVm4zwv2QO8MwbKUKGTMt8evsokA==",
      "requires": {
        "parse5": "^5.0.0",
        "tslib": "^1.7.1"
      }
    },
    "@angular/common": {
      "version": "8.2.14",
      "resolved": "https://registry.npmjs.org/@angular/common/-/common-8.2.14.tgz",
      "integrity": "sha512-Qmt+aX2quUW54kaNT7QH7WGXnFxr/cC2C6sf5SW5SdkZfDQSiz8IaItvieZfXVQUbBOQKFRJ7TlSkt0jI/yjvw==",
      "requires": {
        "tslib": "^1.9.0"
      }
    },
    "@angular/compiler": {
      "version": "8.2.14",
      "resolved": "https://registry.npmjs.org/@angular/compiler/-/compiler-8.2.14.tgz",
      "integrity": "sha512-ABZO4E7eeFA1QyJ2trDezxeQM5ZFa1dXw1Mpl/+1vuXDKNjJgNyWYwKp/NwRkLmrsuV0yv4UDCDe4kJOGbPKnw==",
      "requires": {
        "tslib": "^1.9.0"
      }
    },
    "@angular/core": {
      "version": "8.2.14",
      "resolved": "https://registry.npmjs.org/@angular/core/-/core-8.2.14.tgz",
      "integrity": "sha512-zeePkigi+hPh3rN7yoNENG/YUBUsIvUXdxx+AZq+QPaFeKEA2FBSrKn36ojHFrdJUjKzl0lPMEiGC2b6a6bo6g==",
      "requires": {
        "tslib": "^1.9.0"
      }
    },
    "@angular/forms": {
      "version": "8.2.14",
      "resolved": "https://registry.npmjs.org/@angular/forms/-/forms-8.2.14.tgz",
      "integrity": "sha512-zhyKL3CFIqcyHJ/TQF/h1OZztK611a6rxuPHCrt/5Sn1SuBTJJQ1pPTkOYIDy6IrCrtyANc8qB6P17Mao71DNQ==",
      "requires": {
        "tslib": "^1.9.0"
      }
    },
    "@angular/material": {
      "version": "8.2.3",
      "resolved": "https://registry.npmjs.org/@angular/material/-/material-8.2.3.tgz",
      "integrity": "sha512-SOczkIaqes+r+9XF/UUiokidfFKBpHkOPIaFK857sFD0FBNPvPEpOr5oHKCG3feERRwAFqHS7Wo2ohVEWypb5A==",
      "requires": {
        "tslib": "^1.7.1"
      }
    },
    "@angular/platform-browser": {
      "version": "8.2.14",
      "resolved": "https://registry.npmjs.org/@angular/platform-browser/-/platform-browser-8.2.14.tgz",
      "integrity": "sha512-MtJptptyKzsE37JZ2VB/tI4cvMrdAH+cT9pMBYZd66YSZfKjIj5s+AZo7z8ncoskQSB1o3HMfDjSK7QXGx1mLQ==",
      "requires": {
        "tslib": "^1.9.0"
      }
    },
    "@angular/platform-browser-dynamic": {
      "version": "8.2.14",
      "resolved": "https://registry.npmjs.org/@angular/platform-browser-dynamic/-/platform-browser-dynamic-8.2.14.tgz",
      "integrity": "sha512-mO2JPR5kLU/A3AQngy9+R/Q5gaF9csMStBQjwsCRI0wNtlItOIGL6+wTYpiTuh/ux+WVN1F2sLcEYU4Zf1ud9A==",
      "requires": {
        "tslib": "^1.9.0"
      }
    },
    "@angular/router": {
      "version": "8.2.14",
      "resolved": "https://registry.npmjs.org/@angular/router/-/router-8.2.14.tgz",
      "integrity": "sha512-DHA2BhODqV7F0g6ZKgFaZgbsqzHHWRcfWchCOrOVKu2rYiKUTwwHVLBgZAhrpNeinq2pWanVYSIhMr7wy+LfEA==",
      "requires": {
        "tslib": "^1.9.0"
      }
    },
    "@capacitor/core": {
      "version": "1.5.1",
      "resolved": "https://registry.npmjs.org/@capacitor/core/-/core-1.5.1.tgz",
      "integrity": "sha512-3ncsiM+G1w4/osKbtPXGfHGOp/A1WKein1EVDX3O151aqjNf44F+n/zweZG1XvtOmY4AHNaQcHYO/s9nMOmPOw==",
      "requires": {
        "tslib": "^1.9.0"
      }
    },
    "@ionic/angular": {
      "version": "5.0.4",
      "resolved": "https://registry.npmjs.org/@ionic/angular/-/angular-5.0.4.tgz",
      "integrity": "sha512-LzVxQhR9CqXKLVgz6YYtJEg7drRoDw3YGBk6Q1Wlpxqos9HCfjX/AevN90Sxus5f3PZUz47i0JkPZJFJmPb8zg==",
      "requires": {
        "@ionic/core": "5.0.4",
        "tslib": "^1.9.3"
      }
    },
    "@ionic/core": {
      "version": "5.0.4",
      "resolved": "https://registry.npmjs.org/@ionic/core/-/core-5.0.4.tgz",
      "integrity": "sha512-WP0jnG9FB/hNIvLaCKYZArvynnnlHZxaBzZXxQqyHvtQL8eVb1UYxDlr2hE8g8Sz+vd39Cr7oB5RZID7mV56aA==",
      "requires": {
        "ionicons": "^5.0.0",
        "tslib": "^1.10.0"
      }
    },
    "@ngrx/effects": {
      "version": "8.6.0",
      "resolved": "https://registry.npmjs.org/@ngrx/effects/-/effects-8.6.0.tgz",
      "integrity": "sha512-JdyJLQbv/wnE0ZPY9DcDOtF9PzJuzsKWmIWgIGunHF18wdjk5O8Zpkcrxq18wDRL6geg5UTtNJRMvTQhpDbzow=="
    },
    "@ngrx/entity": {
      "version": "8.6.0",
      "resolved": "https://registry.npmjs.org/@ngrx/entity/-/entity-8.6.0.tgz",
      "integrity": "sha512-Qq+ANgsHd2/i7gam1j05hxA8kPWQyf5ewtCLlbtMJI/qLmvA6ruSE8PYNNwrt90wm4BWdks2zKE5ERzvPzto0w=="
    },
    "@ngrx/router-store": {
      "version": "8.6.0",
      "resolved": "https://registry.npmjs.org/@ngrx/router-store/-/router-store-8.6.0.tgz",
      "integrity": "sha512-4Dvl6dfOj15lNZ63wucRNcTEHUi0hEqapOBVRslfAsnaSRo2t1lOvfX7b68IbxPiqzabTBdIeEkJwAC2q/rZZg=="
    },
    "@ngrx/store": {
      "version": "8.6.0",
      "resolved": "https://registry.npmjs.org/@ngrx/store/-/store-8.6.0.tgz",
      "integrity": "sha512-K4cvCEa+5hw9qrETQWO+Cha3YbVCAT8yaIKJr/N35KntTL9mQMjoL+51JWLZfBwPV0e19CFgJIyrBnVUTxwr2A=="
    },
    "@ngx-translate/core": {
      "version": "11.0.1",
      "resolved": "https://registry.npmjs.org/@ngx-translate/core/-/core-11.0.1.tgz",
      "integrity": "sha512-nBCa1ZD9fAUY/3eskP3Lql2fNg8OMrYIej1/5GRsfcutx9tG/5fZLCv9m6UCw1aS+u4uK/vXjv1ctG/FdMvaWg==",
      "requires": {
        "tslib": "^1.9.0"
      }
    },
    "@smartsoft001/angular": {
      "version": "1.0.52",
      "resolved": "https://registry.npmjs.org/@smartsoft001/angular/-/angular-1.0.52.tgz",
      "integrity": "sha512-W9ip2h/jQi0unttJ4VMo0R9KeoYtx0hsV4rBCGGEYHQQMW4jGiMZx/IWArU/pAHV2l6jVDj51rCaNWyIwF6+Kw==",
      "requires": {
        "@angular/animations": "^8.2.0",
        "@angular/cdk": "^8.2.3",
        "@angular/common": "^8.2.0",
        "@angular/compiler": "^8.2.0",
        "@angular/core": "^8.2.0",
        "@angular/forms": "^8.2.0",
        "@angular/material": "^8.2.3",
        "@angular/platform-browser": "^8.2.0",
        "@angular/platform-browser-dynamic": "^8.2.0",
        "@angular/router": "^8.2.0",
        "@capacitor/core": "^1.4.0",
        "@ionic/angular": "^5.0.0",
        "@ngrx/effects": "^8.5.0",
        "@ngrx/entity": "^8.5.0",
        "@ngrx/router-store": "^8.5.0",
        "@ngrx/store": "^8.5.0",
        "@ngx-translate/core": "^11.0.1",
        "@smartsoft001/domain-core": "^1.0.5",
        "@smartsoft001/models": "^1.0.9",
        "lodash": "^4.17.15",
        "ngx-device-detector": "^1.3.20",
        "reflect-metadata": "^0.1.13",
        "tslib": "^1.9.0"
      }
    },
    "@smartsoft001/auth-domain": {
      "version": "1.0.4",
      "resolved": "https://registry.npmjs.org/@smartsoft001/auth-domain/-/auth-domain-1.0.4.tgz",
      "integrity": "sha512-K6+0tM2gwPGe67WSjTSFM12GONdhVZCSviEMolDReXlH+2S6nY7ait30WPBx7oFJ7QNV4JntI5zDj+pDxN3IlQ==",
      "requires": {
        "@smartsoft001/domain-core": "^1.0.5",
        "@smartsoft001/users": "^1.0.3",
        "@smartsoft001/utils": "^1.0.4",
        "tslib": "^1.9.0"
      }
    },
    "@smartsoft001/auth-shell-dtos": {
      "version": "1.0.3",
      "resolved": "https://registry.npmjs.org/@smartsoft001/auth-shell-dtos/-/auth-shell-dtos-1.0.3.tgz",
      "integrity": "sha512-Z6z8JTxXMyMj/B4zlZIx8Vvt8hOK+mq/lwojvWsZUUIpVzM9/3pSpk5e5OxYqmZFe5UGDXOmJ2Y4eLg0IzZ2aw==",
      "requires": {
        "tslib": "^1.9.0"
      }
    },
    "@smartsoft001/domain-core": {
      "version": "1.0.5",
      "resolved": "https://registry.npmjs.org/@smartsoft001/domain-core/-/domain-core-1.0.5.tgz",
      "integrity": "sha512-wgEqhQW0u6h6u2lf0raj8DDPl6VsEg3+4qp/gTJRY0qIGG3RwfAVRe3IaYXhJYCqEFuC8Iii8GmmD4B6yEepFQ==",
      "requires": {
        "@smartsoft001/users": "^1.0.3",
        "tslib": "^1.9.0"
      }
    },
    "@smartsoft001/models": {
      "version": "1.0.9",
      "resolved": "https://registry.npmjs.org/@smartsoft001/models/-/models-1.0.9.tgz",
      "integrity": "sha512-/LokcQ1l7m9mHia9ov//iF1RfOETXtT2CvhdPjl3G4kuSDFnb5+FoOtRPHHex0ZEnJo9/TWvbBYS3KpTsr8Fvw==",
      "requires": {
        "tslib": "^1.9.0"
      }
    },
    "@smartsoft001/users": {
      "version": "1.0.3",
      "resolved": "https://registry.npmjs.org/@smartsoft001/users/-/users-1.0.3.tgz",
      "integrity": "sha512-KdQtnlZokrpP6WGGX24Oos5V0XsS080CQ8XuTQIrrSUgcbZknKwowJJ5Z48yIlHT5Vipl6Q69eqt4g5D6UQrEw==",
      "requires": {
        "tslib": "^1.9.0"
      }
    },
    "@smartsoft001/utils": {
      "version": "1.0.4",
      "resolved": "https://registry.npmjs.org/@smartsoft001/utils/-/utils-1.0.4.tgz",
      "integrity": "sha512-BmjRv20jwF/7ORRip3PvhNDjopCi1SxeJSnLOyG6//fi0UMhIqoF/hyVp5L7i1tWXDrCRPaXdEA5vv0oUMmZFw==",
      "requires": {
        "md5": "^2.2.1",
        "tslib": "^1.9.0"
      }
    },
    "charenc": {
      "version": "0.0.2",
      "resolved": "https://registry.npmjs.org/charenc/-/charenc-0.0.2.tgz",
      "integrity": "sha1-wKHS86cJLgN3S/qD8UwPxXkKhmc="
    },
    "crypt": {
      "version": "0.0.2",
      "resolved": "https://registry.npmjs.org/crypt/-/crypt-0.0.2.tgz",
      "integrity": "sha1-iNf/fsDfuG9xPch7u0LQRNPmxBs="
    },
    "ionicons": {
      "version": "5.0.1",
      "resolved": "https://registry.npmjs.org/ionicons/-/ionicons-5.0.1.tgz",
      "integrity": "sha512-P9GHr7pgCJcG211W0wute49NZ9AvJZvFJf4OwYybakjX6j7tu0q5t5HNWn9bcb9YjI7SxBblJg8iqQ1Yb59DXw=="
    },
    "is-buffer": {
      "version": "1.1.6",
      "resolved": "https://registry.npmjs.org/is-buffer/-/is-buffer-1.1.6.tgz",
      "integrity": "sha512-NcdALwpXkTm5Zvvbk7owOUSvVvBKDgKP5/ewfXEznmQFfs4ZRmanOeKBTjRVjka3QFoN6XJ+9F3USqfHqTaU5w=="
    },
    "lodash": {
      "version": "4.17.15",
      "resolved": "https://registry.npmjs.org/lodash/-/lodash-4.17.15.tgz",
      "integrity": "sha512-8xOcRHvCjnocdS5cpwXQXVzmmh5e5+saE2QGoeQmbKmRS6J3VQppPOIt0MnmE+4xlZoumy0GPG0D0MVIQbNA1A=="
    },
    "md5": {
      "version": "2.2.1",
      "resolved": "https://registry.npmjs.org/md5/-/md5-2.2.1.tgz",
      "integrity": "sha1-U6s41f48iJG6RlMp6iP6wFQBJvk=",
      "requires": {
        "charenc": "~0.0.1",
        "crypt": "~0.0.1",
        "is-buffer": "~1.1.1"
      }
    },
    "ngx-device-detector": {
      "version": "1.4.0",
      "resolved": "https://registry.npmjs.org/ngx-device-detector/-/ngx-device-detector-1.4.0.tgz",
      "integrity": "sha512-Lbf/soiH3fgQJY9p+RJvqQWE6zDl19wfKEwS9AWWZ6ecNoFcUqcmQPQDUma9FdD7ttm8iJku0f/D5/bEBjfn2A==",
      "requires": {
        "tslib": "^1.9.0"
      }
    },
    "parse5": {
      "version": "5.1.1",
      "resolved": "https://registry.npmjs.org/parse5/-/parse5-5.1.1.tgz",
      "integrity": "sha512-ugq4DFI0Ptb+WWjAdOK16+u/nHfiIrcE+sh8kZMaM0WllQKLI9rOUq6c2b7cwPkXdzfQESqvoqK6ug7U/Yyzug==",
      "optional": true
    },
    "reflect-metadata": {
      "version": "0.1.13",
      "resolved": "https://registry.npmjs.org/reflect-metadata/-/reflect-metadata-0.1.13.tgz",
      "integrity": "sha512-Ts1Y/anZELhSsjMcU605fU9RE4Oi3p5ORujwbIKXfWa+0Zxs510Qrmrce5/Jowq3cHSZSJqBjypxmHarc+vEWg=="
    },
    "tslib": {
      "version": "1.10.0",
      "resolved": "https://registry.npmjs.org/tslib/-/tslib-1.10.0.tgz",
      "integrity": "sha512-qOebF53frne81cf0S9B41ByenJ3/IuH8yJKngAX35CmiZySA0khhkovshKK+jGCaMnVomla7gVlIcc3EvKPbTQ=="
    }
  }
}
