{
  "name": "@smartsoft001/auth-shell-angular",
  "version": "1.0.8",
  "lockfileVersion": 1,
  "requires": true,
  "dependencies": {
    "@smartsoft001/angular": {
      "version": "1.0.20",
      "resolved": "https://registry.npmjs.org/@smartsoft001/angular/-/angular-1.0.20.tgz",
      "integrity": "sha512-7YRr4oh6uomi2w3yCF9xPARTQ20zB3z69/kMxCF005OefsaBaE7EYUoTAgGvD6NpkADC6AVMYLVNT5pKiKdm6Q==",
      "requires": {
        "tslib": "^1.9.0"
      }
    },
    "@smartsoft001/auth-domain": {
      "version": "1.0.3",
      "resolved": "https://registry.npmjs.org/@smartsoft001/auth-domain/-/auth-domain-1.0.3.tgz",
      "integrity": "sha512-YqsgBpDR8oee592q5VQUIYwoK+Op8iYXoPJPELl7fd4O0Yd55JjpQ45ru0Da8LxhSdRNiM4/qUZf1KSbVWIU9g==",
      "requires": {
        "tslib": "^1.9.0"
      }
    },
    "@smartsoft001/auth-shell-dtos": {
      "version": "1.0.3",
      "resolved": "https://registry.npmjs.org/@smartsoft001/auth-shell-dtos/-/auth-shell-dtos-1.0.3.tgz",
      "integrity": "sha512-Z6z8JTxXMyMj/B4zlZIx8Vvt8hOK+mq/lwojvWsZUUIpVzM9/3pSpk5e5OxYqmZFe5UGDXOmJ2Y4eLg0IzZ2aw==",
      "requires": {
        "tslib": "^1.9.0"
      }
    },
    "@smartsoft001/domain-core": {
      "version": "1.0.3",
      "resolved": "https://registry.npmjs.org/@smartsoft001/domain-core/-/domain-core-1.0.3.tgz",
      "integrity": "sha512-B1f/Z5TvuSgpF/YemcJxCnIuI1Uh37/hMk1mO51GTdnf32hDAgx2udcz20YN4QmsDRJuTYcqk+7Hhv7cJGRWAg==",
      "requires": {
        "tslib": "^1.9.0"
      }
    },
    "@smartsoft001/models": {
      "version": "1.0.3",
      "resolved": "https://registry.npmjs.org/@smartsoft001/models/-/models-1.0.3.tgz",
      "integrity": "sha512-J00Q78bzn+726T0R01R+Qc4wE1j1AehZEN6yvsO9oHn9ZJSLAAC8jffZEtl0TUwDFUCPmkFpp2kKjbMrNcjO2g==",
      "requires": {
        "tslib": "^1.9.0"
      }
    },
    "@smartsoft001/users": {
      "version": "1.0.3",
      "resolved": "https://registry.npmjs.org/@smartsoft001/users/-/users-1.0.3.tgz",
      "integrity": "sha512-KdQtnlZokrpP6WGGX24Oos5V0XsS080CQ8XuTQIrrSUgcbZknKwowJJ5Z48yIlHT5Vipl6Q69eqt4g5D6UQrEw==",
      "requires": {
        "tslib": "^1.9.0"
      }
    },
    "tslib": {
      "version": "1.10.0",
      "resolved": "https://registry.npmjs.org/tslib/-/tslib-1.10.0.tgz",
      "integrity": "sha512-qOebF53frne81cf0S9B41ByenJ3/IuH8yJKngAX35CmiZySA0khhkovshKK+jGCaMnVomla7gVlIcc3EvKPbTQ=="
    }
  }
}
